
Microsoft Visual Studio Solution File, Format Version 12.00
# Visual Studio Version 16
VisualStudioVersion = 16.0.29025.244
MinimumVisualStudioVersion = 10.0.40219.1
Project("{FAE04EC0-301F-11D3-BF4B-00C04F79EFBC}") = "CrudBasico", "CrudBasico\CrudBasico.csproj", "{1BCA4FE4-58D6-4637-B2B5-EAF5E4ABA83E}"
EndProject
Global
	GlobalSection(SolutionConfigurationPlatforms) = preSolution
		Debug|Any CPU = Debug|Any CPU
		Release|Any CPU = Release|Any CPU
	EndGlobalSection
	GlobalSection(ProjectConfigurationPlatforms) = postSolution
		{1BCA4FE4-58D6-4637-B2B5-EAF5E4ABA83E}.Debug|Any CPU.ActiveCfg = Debug|Any CPU
		{1BCA4FE4-58D6-4637-B2B5-EAF5E4ABA83E}.Debug|Any CPU.Build.0 = Debug|Any CPU
		{1BCA4FE4-58D6-4637-B2B5-EAF5E4ABA83E}.Release|Any CPU.ActiveCfg = Release|Any CPU
		{1BCA4FE4-58D6-4637-B2B5-EAF5E4ABA83E}.Release|Any CPU.Build.0 = Release|Any CPU
	EndGlobalSection
	GlobalSection(SolutionProperties) = preSolution
		HideSolutionNode = FALSE
	EndGlobalSection
	GlobalSection(ExtensibilityGlobals) = postSolution
		SolutionGuid = {3686164A-BDB6-4173-93F0-9DAFAD2A81B0}
	EndGlobalSection
EndGlobal
